{
  "lockfile_version": "1",
  "packages": {
    "chart-testing@latest": {
      "last_modified": "2026-08-01T16:34:20Z",
      "resolved": "github:NixOS/nixpkgs/a5cbcfe954791221bfffe2307f7d1a1bf61a871e#chart-testing",
      "source": "devbox-search",
      "version": "3.14.0",
      "systems": {
        "aarch64-darwin": {
          "outputs": [
            {
              "name": "out",
              "path": "/nix/store/pcw59331vysy9mprzhxpwmj0xdkidlw4-chart-testing-3.14.0",
              "default": true
            }
          ],
          "store_path": "/nix/store/pcw59331vysy9mprzhxpwmj0xdkidlw4-chart-testing-3.14.0"
        },
        "aarch64-linux": {
          "outputs": [
            {
              "name": "out",
              "path": "/nix/store/b0r66sxqjqdqr58k29aziyg7202jfhwb-chart-testing-3.14.0",
              "default": true
            }
          ],
          "store_path": "/nix/store/b0r66sxqjqdqr58k29aziyg7202jfhwb-chart-testing-3.14.0"
        },
        "x86_64-darwin": {
          "outputs": [
            {
              "name": "out",
              "path": "/nix/store/kl6qqhcj6blaz7m85l29qrq3v372vzdi-chart-testing-3.14.0",
              "default": true
            }
          ],
          "store_path": "/nix/store/kl6qqhcj6blaz7m85l29qrq3v372vzdi-chart-testing-3.14.0"
        },
        "x86_64-linux": {
          "outputs": [
            {
              "name": "out",
              "path": "/nix/store/k98xv4rzvd12giv2cb5in4a7h481iw1v-chart-testing-3.14.0",
              "default": true
            }
          ],
          "store_path": "/nix/store/k98xv4rzvd12giv2cb5in4a7h481iw1v-chart-testing-3.14.0"
        }
      }
    },
    "github:NixOS/nixpkgs/nixpkgs-unstable": {
      "last_modified": "2026-08-11T01:00:43Z",
      "resolved": "github:NixOS/nixpkgs/8e2eeb9477c9d40009a5bd51cd3eef2f5abb26f1?lastModified=1786410043&narHash=sha256-JTbODJPDcd3d8U7lO4MVUU3Yo0jz2KQSAHXka%2BIWBEo%3D"
    },
    "go@latest": {
      "last_modified": "2026-08-01T16:34:20Z",
      "resolved": "github:NixOS/nixpkgs/a5cbcfe954791221bfffe2307f7d1a1bf61a871e#go",
      "source": "devbox-search",
      "version": "1.26.5",
      "systems": {
        "aarch64-darwin": {
          "outputs": [
            {
              "name": "out",
              "path": "/nix/store/8g06ffyaas333hzhsjcd50nqbsldqjhh-go-1.26.5",
              "default": true
            }
          ],
          "store_path": "/nix/store/8g06ffyaas333hzhsjcd50nqbsldqjhh-go-1.26.5"
        },
        "aarch64-linux": {
          "outputs": [
            {
              "name": "out",
              "path": "/nix/store/p8wbwrmaqggbg1griwkcjag8lbkgz0qg-go-1.26.5",
              "default": true
            }
          ],
          "store_path": "/nix/store/p8wbwrmaqggbg1griwkcjag8lbkgz0qg-go-1.26.5"
        },
        "x86_64-linux": {
          "outputs": [
            {
              "name": "out",
              "path": "/nix/store/pwj3x44pp735yb038fnmqckyyra9k29x-go-1.26.5",
              "default": true
            }
          ],
          "store_path": "/nix/store/pwj3x44pp735yb038fnmqckyyra9k29x-go-1.26.5"
        }
      }
    },
    "golangci-lint@latest": {
      "last_modified": "2026-08-01T16:34:20Z",
      "resolved": "github:NixOS/nixpkgs/a5cbcfe954791221bfffe2307f7d1a1bf61a871e#golangci-lint",
      "source": "devbox-search",
      "version": "2.12.2",
      "systems": {
        "aarch64-darwin": {
          "outputs": [
            {
              "name": "out",
              "path": "/nix/store/5k9pgckbazjqdaayv80l5zya9pm02gf2-golangci-lint-2.12.2",
              "default": true
            }
          ],
          "store_path": "/nix/store/5k9pgckbazjqdaayv80l5zya9pm02gf2-golangci-lint-2.12.2"
        },
        "aarch64-linux": {
          "outputs": [
            {
              "name": "out",
              "path": "/nix/store/k5x4k34n6n9nks864kj2l0wq7yxgbgc1-golangci-lint-2.12.2",
              "default": true
            }
          ],
          "store_path": "/nix/store/k5x4k34n6n9nks864kj2l0wq7yxgbgc1-golangci-lint-2.12.2"
        },
        "x86_64-darwin": {
          "outputs": [
            {
              "name": "out",
              "path": "/nix/store/w8c3i6vmxnnj0xixvjsa9lva3rcd2rvs-golangci-lint-2.12.2",
              "default": true
            }
          ],
          "store_path": "/nix/store/w8c3i6vmxnnj0xixvjsa9lva3rcd2rvs-golangci-lint-2.12.2"
        },
        "x86_64-linux": {
          "outputs": [
            {
              "name": "out",
              "path": "/nix/store/332lphhv9mzrk85hfkfiamb1m7ylzvzi-golangci-lint-2.12.2",
              "default": true
            }
          ],
          "store_path": "/nix/store/332lphhv9mzrk85hfkfiamb1m7ylzvzi-golangci-lint-2.12.2"
        }
      }
    },
    "kubernetes-helm@latest": {
      "last_modified": "2026-08-01T16:34:20Z",
      "resolved": "github:NixOS/nixpkgs/a5cbcfe954791221bfffe2307f7d1a1bf61a871e#kubernetes-helm",
      "source": "devbox-search",
      "version": "4.2.3",
      "systems": {
        "aarch64-darwin": {
          "outputs": [
            {
              "name": "out",
              "path": "/nix/store/zxlrdn6fsss4s2i496np7kdrwy92261j-kubernetes-helm-4.2.3",
              "default": true
            }
          ],
          "store_path": "/nix/store/zxlrdn6fsss4s2i496np7kdrwy92261j-kubernetes-helm-4.2.3"
        },
        "aarch64-linux": {
          "outputs": [
            {
              "name": "out",
              "path": "/nix/store/3m7a0rmsr6k5hs0xl2ym6kiv4iqgwypj-kubernetes-helm-4.2.3",
              "default": true
            }
          ],
          "store_path": "/nix/store/3m7a0rmsr6k5hs0xl2ym6kiv4iqgwypj-kubernetes-helm-4.2.3"
        },
        "x86_64-linux": {
          "outputs": [
            {
              "name": "out",
              "path": "/nix/store/wkb6xckn077grj4jqb6z6wgmwzj7g1xr-kubernetes-helm-4.2.3",
              "default": true
            }
          ],
          "store_path": "/nix/store/wkb6xckn077grj4jqb6z6wgmwzj7g1xr-kubernetes-helm-4.2.3"
        }
      }
    },
    "nodejs@22": {
      "last_modified": "2026-08-01T16:34:20Z",
      "plugin_version": "0.0.4",
      "resolved": "github:NixOS/nixpkgs/a5cbcfe954791221bfffe2307f7d1a1bf61a871e#nodejs_22",
      "source": "devbox-search",
      "version": "22.23.2",
      "systems": {
        "aarch64-darwin": {
          "outputs": [
            {
              "name": "out",
              "path": "/nix/store/s0qzknz77k3lzikgywx2piilfp8w0581-nodejs-22.23.2",
              "default": true
            }
          ],
          "store_path": "/nix/store/s0qzknz77k3lzikgywx2piilfp8w0581-nodejs-22.23.2"
        },
        "aarch64-linux": {
          "outputs": [
            {
              "name": "out",
              "path": "/nix/store/i7dq81ramvcyrzasgv8qbf07rgfiqiai-nodejs-22.23.2",
              "default": true
            }
          ],
          "store_path": "/nix/store/i7dq81ramvcyrzasgv8qbf07rgfiqiai-nodejs-22.23.2"
        },
        "x86_64-linux": {
          "outputs": [
            {
              "name": "out",
              "path": "/nix/store/3vm4j8im8bzdal3dsgmhv9gb5kvanbp1-nodejs-22.23.2",
              "default": true
            }
          ],
          "store_path": "/nix/store/3vm4j8im8bzdal3dsgmhv9gb5kvanbp1-nodejs-22.23.2"
        }
      }
    },
    "uv@latest": {
      "last_modified": "2026-08-01T16:34:20Z",
      "resolved": "github:NixOS/nixpkgs/a5cbcfe954791221bfffe2307f7d1a1bf61a871e#uv",
      "source": "devbox-search",
      "version": "0.12.1",
      "systems": {
        "aarch64-darwin": {
          "outputs": [
            {
              "name": "out",
              "path": "/nix/store/hnmvqbh6zd1v0wss6q9ps8j1jp2pfkf0-uv-0.12.1",
              "default": true
            }
          ],
          "store_path": "/nix/store/hnmvqbh6zd1v0wss6q9ps8j1jp2pfkf0-uv-0.12.1"
        },
        "aarch64-linux": {
          "outputs": [
            {
              "name": "out",
              "path": "/nix/store/xn0b6fcg7zzifjjbpzi6bs57nbyjxqn1-uv-0.12.1",
              "default": true
            }
          ],
          "store_path": "/nix/store/xn0b6fcg7zzifjjbpzi6bs57nbyjxqn1-uv-0.12.1"
        },
        "x86_64-linux": {
          "outputs": [
            {
              "name": "out",
              "path": "/nix/store/6fgvwx21832s8ygpzm4x3i29p4ac8gxn-uv-0.12.1",
              "default": true
            }
          ],
          "store_path": "/nix/store/6fgvwx21832s8ygpzm4x3i29p4ac8gxn-uv-0.12.1"
        }
      }
    }
  }
}
